// !$*UTF8*$!
{
	archiveVersion = 1;
	classes = {
	};
	objectVersion = 56;
	objects = {

/* Begin PBXBuildFile section */
		D1AE0EE22BCABE9700DB619B /* AppDelegate.swift in Sources */ = {isa = PBXBuildFile; fileRef = D1AE0EE12BCABE9700DB619B /* AppDelegate.swift */; };
		D1AE0EE42BCABE9700DB619B /* SceneDelegate.swift in Sources */ = {isa = PBXBuildFile; fileRef = D1AE0EE32BCABE9700DB619B /* SceneDelegate.swift */; };
		D1AE0EE62BCABE9700DB619B /* ViewController.swift in Sources */ = {isa = PBXBuildFile; fileRef = D1AE0EE52BCABE9700DB619B /* ViewController.swift */; };
		D1AE0EE92BCABE9700DB619B /* Main.storyboard in Resources */ = {isa = PBXBuildFile; fileRef = D1AE0EE72BCABE9700DB619B /* Main.storyboard */; };
		D1AE0EEB2BCABE9900DB619B /* Assets.xcassets in Resources */ = {isa = PBXBuildFile; fileRef = D1AE0EEA2BCABE9900DB619B /* Assets.xcassets */; };
		D1AE0EEE2BCABE9900DB619B /* LaunchScreen.storyboard in Resources */ = {isa = PBXBuildFile; fileRef = D1AE0EEC2BCABE9900DB619B /* LaunchScreen.storyboard */; };
		D1AE0EF62BCAC7A800DB619B /* Scripts.swift in Sources */ = {isa = PBXBuildFile; fileRef = D1AE0EF52BCAC7A800DB619B /* Scripts.swift */; };
/* End PBXBuildFile section */

/* Begin PBXFileReference section */
		D1AE0EDE2BCABE9700DB619B /* Oldboy.app */ = {isa = PBXFileReference; explicitFileType = wrapper.application; includeInIndex = 0; path = Oldboy.app; sourceTree = BUILT_PRODUCTS_DIR; };
		D1AE0EE12BCABE9700DB619B /* AppDelegate.swift */ = {isa = PBXFileReference; lastKnownFileType = sourcecode.swift; path = AppDelegate.swift; sourceTree = "<group>"; };
		D1AE0EE32BCABE9700DB619B /* SceneDelegate.swift */ = {isa = PBXFileReference; lastKnownFileType = sourcecode.swift; path = SceneDelegate.swift; sourceTree = "<group>"; };
		D1AE0EE52BCABE9700DB619B /* ViewController.swift */ = {isa = PBXFileReference; lastKnownFileType = sourcecode.swift; path = ViewController.swift; sourceTree = "<group>"; };
		D1AE0EE82BCABE9700DB619B /* Base */ = {isa = PBXFileReference; lastKnownFileType = file.storyboard; name = Base; path = Base.lproj/Main.storyboard; sourceTree = "<group>"; };
		D1AE0EEA2BCABE9900DB619B /* Assets.xcassets */ = {isa = PBXFileReference; lastKnownFileType = folder.assetcatalog; path = Assets.xcassets; sourceTree = "<group>"; };
		D1AE0EED2BCABE9900DB619B /* Base */ = {isa = PBXFileReference; lastKnownFileType = file.storyboard; name = Base; path = Base.lproj/LaunchScreen.storyboard; sourceTree = "<group>"; };
		D1AE0EEF2BCABE9900DB619B /* Info.plist */ = {isa = PBXFileReference; lastKnownFileType = text.plist.xml; path = Info.plist; sourceTree = "<group>"; };
		D1AE0EF52BCAC7A800DB619B /* Scripts.swift */ = {isa = PBXFileReference; lastKnownFileType = sourcecode.swift; path = Scripts.swift; sourceTree = "<group>"; };
/* End PBXFileReference section */

/* Begin PBXFrameworksBuildPhase section */
		D1AE0EDB2BCABE9700DB619B /* Frameworks */ = {
			isa = PBXFrameworksBuildPhase;
			buildActionMask = 2147483647;
			files = (
			);
			runOnlyForDeploymentPostprocessing = 0;
		};
/* End PBXFrameworksBuildPhase section */

/* Begin PBXGroup section */
		D1AE0ED52BCABE9700DB619B = {
			isa = PBXGroup;
			children = (
				D1AE0EE02BCABE9700DB619B /* Oldboy */,
				D1AE0EDF2BCABE9700DB619B /* Products */,
			);
			sourceTree = "<group>";
		};
		D1AE0EDF2BCABE9700DB619B /* Products */ = {
			isa = PBXGroup;
			children = (
				D1AE0EDE2BCABE9700DB619B /* Oldboy.app */,
			);
			name = Products;
			sourceTree = "<group>";
		};
		D1AE0EE02BCABE9700DB619B /* Oldboy */ = {
			isa = PBXGroup;
			children = (
				D1AE0EE12BCABE9700DB619B /* AppDelegate.swift */,
				D1AE0EE32BCABE9700DB619B /* SceneDelegate.swift */,
				D1AE0EE52BCABE9700DB619B /* ViewController.swift */,
				D1AE0EF52BCAC7A800DB619B /* Scripts.swift */,
				D1AE0EE72BCABE9700DB619B /* Main.storyboard */,
				D1AE0EEA2BCABE9900DB619B /* Assets.xcassets */,
				D1AE0EEC2BCABE9900DB619B /* LaunchScreen.storyboard */,
				D1AE0EEF2BCABE9900DB619B /* Info.plist */,
			);
			path = Oldboy;
			sourceTree = "<group>";
		};
/* End PBXGroup section */

/* Begin PBXNativeTarget section */
		D1AE0EDD2BCABE9700DB619B /* Oldboy */ = {
			isa = PBXNativeTarget;
			buildConfigurationList = D1AE0EF22BCABE9900DB619B /* Build configuration list for PBXNativeTarget "Oldboy" */;
			buildPhases = (
				D1AE0EDA2BCABE9700DB619B /* Sources */,
				D1AE0EDB2BCABE9700DB619B /* Frameworks */,
				D1AE0EDC2BCABE9700DB619B /* Resources */,
			);
			buildRules = (
			);
			dependencies = (
			);
			name = Oldboy;
			productName = Oldboy;
			productReference = D1AE0EDE2BCABE9700DB619B /* Oldboy.app */;
			productType = "com.apple.product-type.application";
		};
/* End PBXNativeTarget section */

/* Begin PBXProject section */
		D1AE0ED62BCABE9700DB619B /* Project object */ = {
			isa = PBXProject;
			attributes = {
				BuildIndependentTargetsInParallel = 1;
				LastSwiftUpdateCheck = 1510;
				LastUpgradeCheck = 1510;
				TargetAttributes = {
					D1AE0EDD2BCABE9700DB619B = {
						CreatedOnToolsVersion = 15.1;
					};
				};
			};
			buildConfigurationList = D1AE0ED92BCABE9700DB619B /* Build configuration list for PBXProject "Oldboy" */;
			compatibilityVersion = "Xcode 14.0";
			developmentRegion = en;
			hasScannedForEncodings = 0;
			knownRegions = (
				en,
				Base,
			);
			mainGroup = D1AE0ED52BCABE9700DB619B;
			productRefGroup = D1AE0EDF2BCABE9700DB619B /* Products */;
			projectDirPath = "";
			projectRoot = "";
			targets = (
				D1AE0EDD2BCABE9700DB619B /* Oldboy */,
			);
		};
/* End PBXProject section */

/* Begin PBXResourcesBuildPhase section */
		D1AE0EDC2BCABE9700DB619B /* Resources */ = {
			isa = PBXResourcesBuildPhase;
			buildActionMask = 2147483647;
			files = (
				D1AE0EEE2BCABE9900DB619B /* LaunchScreen.storyboard in Resources */,
				D1AE0EEB2BCABE9900DB619B /* Assets.xcassets in Resources */,
				D1AE0EE92BCABE9700DB619B /* Main.storyboard in Resources */,
			);
			runOnlyForDeploymentPostprocessing = 0;
		};
/* End PBXResourcesBuildPhase section */

/* Begin PBXSourcesBuildPhase section */
		D1AE0EDA2BCABE9700DB619B /* Sources */ = {
			isa = PBXSourcesBuildPhase;
			buildActionMask = 2147483647;
			files = (
				D1AE0EF62BCAC7A800DB619B /* Scripts.swift in Sources */,
				D1AE0EE62BCABE9700DB619B /* ViewController.swift in Sources */,
				D1AE0EE22BCABE9700DB619B /* AppDelegate.swift in Sources */,
				D1AE0EE42BCABE9700DB619B /* SceneDelegate.swift in Sources */,
			);
			runOnlyForDeploymentPostprocessing = 0;
		};
/* End PBXSourcesBuildPhase section */

/* Begin PBXVariantGroup section */
		D1AE0EE72BCABE9700DB619B /* Main.storyboard */ = {
			isa = PBXVariantGroup;
			children = (
				D1AE0EE82BCABE9700DB619B /* Base */,
			);
			name = Main.storyboard;
			sourceTree = "<group>";
		};
		D1AE0EEC2BCABE9900DB619B /* LaunchScreen.storyboard */ = {
			isa = PBXVariantGroup;
			children = (
				D1AE0EED2BCABE9900DB619B /* Base */,
			);
			name = LaunchScreen.storyboard;
			sourceTree = "<group>";
		};
/* End PBXVariantGroup section */

/* Begin XCBuildConfiguration section */
		D1AE0EF02BCABE9900DB619B /* Debug */ = {
			isa = XCBuildConfiguration;
			buildSettings = {
				ALWAYS_SEARCH_USER_PATHS = NO;
				ASSETCATALOG_COMPILER_GENERATE_SWIFT_ASSET_SYMBOL_EXTENSIONS = YES;
				CLANG_ANALYZER_NONNULL = YES;
				CLANG_ANALYZER_NUMBER_OBJECT_CONVERSION = YES_AGGRESSIVE;
				CLANG_CXX_LANGUAGE_STANDARD = "gnu++20";
				CLANG_ENABLE_MODULES = YES;
				CLANG_ENABLE_OBJC_ARC = YES;
				CLANG_ENABLE_OBJC_WEAK = YES;
				CLANG_WARN_BLOCK_CAPTURE_AUTORELEASING = YES;
				CLANG_WARN_BOOL_CONVERSION = YES;
				CLANG_WARN_COMMA = YES;
				CLANG_WARN_CONSTANT_CONVERSION = YES;
				CLANG_WARN_DEPRECATED_OBJC_IMPLEMENTATIONS = YES;
				CLANG_WARN_DIRECT_OBJC_ISA_USAGE = YES_ERROR;
				CLANG_WARN_DOCUMENTATION_COMMENTS = YES;
				CLANG_WARN_EMPTY_BODY = YES;
				CLANG_WARN_ENUM_CONVERSION = YES;
				CLANG_WARN_INFINITE_RECURSION = YES;
				CLANG_WARN_INT_CONVERSION = YES;
				CLANG_WARN_NON_LITERAL_NULL_CONVERSION = YES;
				CLANG_WARN_OBJC_IMPLICIT_RETAIN_SELF = YES;
				CLANG_WARN_OBJC_LITERAL_CONVERSION = YES;
				CLANG_WARN_OBJC_ROOT_CLASS = YES_ERROR;
				CLANG_WARN_QUOTED_INCLUDE_IN_FRAMEWORK_HEADER = YES;
				CLANG_WARN_RANGE_LOOP_ANALYSIS = YES;
				CLANG_WARN_STRICT_PROTOTYPES = YES;
				CLANG_WARN_SUSPICIOUS_MOVE = YES;
				CLANG_WARN_UNGUARDED_AVAILABILITY = YES_AGGRESSIVE;
				CLANG_WARN_UNREACHABLE_CODE = YES;
				CLANG_WARN__DUPLICATE_METHOD_MATCH = YES;
				COPY_PHASE_STRIP = NO;
				DEBUG_INFORMATION_FORMAT = dwarf;
				ENABLE_STRICT_OBJC_MSGSEND = YES;
				ENABLE_TESTABILITY = YES;
				ENABLE_USER_SCRIPT_SANDBOXING = YES;
				GCC_C_LANGUAGE_STANDARD = gnu17;
				GCC_DYNAMIC_NO_PIC = NO;
				GCC_NO_COMMON_BLOCKS = YES;
				GCC_OPTIMIZATION_LEVEL = 0;
				GCC_PREPROCESSOR_DEFINITIONS = (
					"DEBUG=1",
					"$(inherited)",
				);
				GCC_WARN_64_TO_32_BIT_CONVERSION = YES;
				GCC_WARN_ABOUT_RETURN_TYPE = YES_ERROR;
				GCC_WARN_UNDECLARED_SELECTOR = YES;
				GCC_WARN_UNINITIALIZED_AUTOS = YES_AGGRESSIVE;
				GCC_WARN_UNUSED_FUNCTION = YES;
				GCC_WARN_UNUSED_VARIABLE = YES;
				IPHONEOS_DEPLOYMENT_TARGET = 17.2;
				LOCALIZATION_PREFERS_STRING_CATALOGS = YES;
				MTL_ENABLE_DEBUG_INFO = INCLUDE_SOURCE;
				MTL_FAST_MATH = YES;
				ONLY_ACTIVE_ARCH = YES;
				SDKROOT = iphoneos;
				SWIFT_ACTIVE_COMPILATION_CONDITIONS = "DEBUG $(inherited)";
				SWIFT_OPTIMIZATION_LEVEL = "-Onone";
			};
			name = Debug;
		};
		D1AE0EF12BCABE9900DB619B /* Release */ = {
			isa = XCBuildConfiguration;
			buildSettings = {
				ALWAYS_SEARCH_USER_PATHS = NO;
				ASSETCATALOG_COMPILER_GENERATE_SWIFT_ASSET_SYMBOL_EXTENSIONS = YES;
				CLANG_ANALYZER_NONNULL = YES;
				CLANG_ANALYZER_NUMBER_OBJECT_CONVERSION = YES_AGGRESSIVE;
				CLANG_CXX_LANGUAGE_STANDARD = "gnu++20";
				CLANG_ENABLE_MODULES = YES;
				CLANG_ENABLE_OBJC_ARC = YES;
				CLANG_ENABLE_OBJC_WEAK = YES;
				CLANG_WARN_BLOCK_CAPTURE_AUTORELEASING = YES;
				CLANG_WARN_BOOL_CONVERSION = YES;
				CLANG_WARN_COMMA = YES;
				CLANG_WARN_CONSTANT_CONVERSION = YES;
				CLANG_WARN_DEPRECATED_OBJC_IMPLEMENTATIONS = YES;
				CLANG_WARN_DIRECT_OBJC_ISA_USAGE = YES_ERROR;
				CLANG_WARN_DOCUMENTATION_COMMENTS = YES;
				CLANG_WARN_EMPTY_BODY = YES;
				CLANG_WARN_ENUM_CONVERSION = YES;
				CLANG_WARN_INFINITE_RECURSION = YES;
				CLANG_WARN_INT_CONVERSION = YES;
				CLANG_WARN_NON_LITERAL_NULL_CONVERSION = YES;
				CLANG_WARN_OBJC_IMPLICIT_RETAIN_SELF = YES;
				CLANG_WARN_OBJC_LITERAL_CONVERSION = YES;
				CLANG_WARN_OBJC_ROOT_CLASS = YES_ERROR;
				CLANG_WARN_QUOTED_INCLUDE_IN_FRAMEWORK_HEADER = YES;
				CLANG_WARN_RANGE_LOOP_ANALYSIS = YES;
				CLANG_WARN_STRICT_PROTOTYPES = YES;
				CLANG_WARN_SUSPICIOUS_MOVE = YES;
				CLANG_WARN_UNGUARDED_AVAILABILITY = YES_AGGRESSIVE;
				CLANG_WARN_UNREACHABLE_CODE = YES;
				CLANG_WARN__DUPLICATE_METHOD_MATCH = YES;
				COPY_PHASE_STRIP = NO;
				DEBUG_INFORMATION_FORMAT = "dwarf-with-dsym";
				ENABLE_NS_ASSERTIONS = NO;
				ENABLE_STRICT_OBJC_MSGSEND = YES;
				ENABLE_USER_SCRIPT_SANDBOXING = YES;
				GCC_C_LANGUAGE_STANDARD = gnu17;
				GCC_NO_COMMON_BLOCKS = YES;
				GCC_WARN_64_TO_32_BIT_CONVERSION = YES;
				GCC_WARN_ABOUT_RETURN_TYPE = YES_ERROR;
				GCC_WARN_UNDECLARED_SELECTOR = YES;
				GCC_WARN_UNINITIALIZED_AUTOS = YES_AGGRESSIVE;
				GCC_WARN_UNUSED_FUNCTION = YES;
				GCC_WARN_UNUSED_VARIABLE = YES;
				IPHONEOS_DEPLOYMENT_TARGET = 17.2;
				LOCALIZATION_PREFERS_STRING_CATALOGS = YES;
				MTL_ENABLE_DEBUG_INFO = NO;
				MTL_FAST_MATH = YES;
				SDKROOT = iphoneos;
				SWIFT_COMPILATION_MODE = wholemodule;
				VALIDATE_PRODUCT = YES;
			};
			name = Release;
		};
		D1AE0EF32BCABE9900DB619B /* Debug */ = {
			isa = XCBuildConfiguration;
			buildSettings = {
				ASSETCATALOG_COMPILER_APPICON_NAME = AppIcon;
				ASSETCATALOG_COMPILER_GLOBAL_ACCENT_COLOR_NAME = AccentColor;
				CODE_SIGN_STYLE = Automatic;
				CURRENT_PROJECT_VERSION = 1;
				DEVELOPMENT_TEAM = 8NLR5UAY6K;
				GENERATE_INFOPLIST_FILE = YES;
				INFOPLIST_FILE = Oldboy/Info.plist;
				INFOPLIST_KEY_UIApplicationSupportsIndirectInputEvents = YES;
				INFOPLIST_KEY_UILaunchStoryboardName = LaunchScreen;
				INFOPLIST_KEY_UIMainStoryboardFile = Main;
				INFOPLIST_KEY_UISupportedInterfaceOrientations_iPad = "UIInterfaceOrientationPortrait UIInterfaceOrientationPortraitUpsideDown UIInterfaceOrientationLandscapeLeft UIInterfaceOrientationLandscapeRight";
				INFOPLIST_KEY_UISupportedInterfaceOrientations_iPhone = "UIInterfaceOrientationPortrait UIInterfaceOrientationLandscapeLeft UIInterfaceOrientationLandscapeRight";
				LD_RUNPATH_SEARCH_PATHS = (
					"$(inherited)",
					"@executable_path/Frameworks",
				);
				MARKETING_VERSION = 1.0;
				PRODUCT_BUNDLE_IDENTIFIER = com.turkerkizilcik.Oldboy;
				PRODUCT_NAME = "$(TARGET_NAME)";
				SWIFT_EMIT_LOC_STRINGS = YES;
				SWIFT_VERSION = 5.0;
				TARGETED_DEVICE_FAMILY = "1,2";
			};
			name = Debug;
		};
		D1AE0EF42BCABE9900DB619B /* Release */ = {
			isa = XCBuildConfiguration;
			buildSettings = {
				ASSETCATALOG_COMPILER_APPICON_NAME = AppIcon;
				ASSETCATALOG_COMPILER_GLOBAL_ACCENT_COLOR_NAME = AccentColor;
				CODE_SIGN_STYLE = Automatic;
				CURRENT_PROJECT_VERSION = 1;
				DEVELOPMENT_TEAM = 8NLR5UAY6K;
				GENERATE_INFOPLIST_FILE = YES;
				INFOPLIST_FILE = Oldboy/Info.plist;
				INFOPLIST_KEY_UIApplicationSupportsIndirectInputEvents = YES;
				INFOPLIST_KEY_UILaunchStoryboardName = LaunchScreen;
				INFOPLIST_KEY_UIMainStoryboardFile = Main;
				INFOPLIST_KEY_UISupportedInterfaceOrientations_iPad = "UIInterfaceOrientationPortrait UIInterfaceOrientationPortraitUpsideDown UIInterfaceOrientationLandscapeLeft UIInterfaceOrientationLandscapeRight";
				INFOPLIST_KEY_UISupportedInterfaceOrientations_iPhone = "UIInterfaceOrientationPortrait UIInterfaceOrientationLandscapeLeft UIInterfaceOrientationLandscapeRight";
				LD_RUNPATH_SEARCH_PATHS = (
					"$(inherited)",
					"@executable_path/Frameworks",
				);
				MARKETING_VERSION = 1.0;
				PRODUCT_BUNDLE_IDENTIFIER = com.turkerkizilcik.Oldboy;
				PRODUCT_NAME = "$(TARGET_NAME)";
				SWIFT_EMIT_LOC_STRINGS = YES;
				SWIFT_VERSION = 5.0;
				TARGETED_DEVICE_FAMILY = "1,2";
			};
			name = Release;
		};
/* End XCBuildConfiguration section */

/* Begin XCConfigurationList section */
		D1AE0ED92BCABE9700DB619B /* Build configuration list for PBXProject "Oldboy" */ = {
			isa = XCConfigurationList;
			buildConfigurations = (
				D1AE0EF02BCABE9900DB619B /* Debug */,
				D1AE0EF12BCABE9900DB619B /* Release */,
			);
			defaultConfigurationIsVisible = 0;
			defaultConfigurationName = Release;
		};
		D1AE0EF22BCABE9900DB619B /* Build configuration list for PBXNativeTarget "Oldboy" */ = {
			isa = XCConfigurationList;
			buildConfigurations = (
				D1AE0EF32BCABE9900DB619B /* Debug */,
				D1AE0EF42BCABE9900DB619B /* Release */,
			);
			defaultConfigurationIsVisible = 0;
			defaultConfigurationName = Release;
		};
/* End XCConfigurationList section */
	};
	rootObject = D1AE0ED62BCABE9700DB619B /* Project object */;
}
